# This file is automatically @generated by Poetry 2.2.1 and should not be changed by hand.

[[package]]
name = "colorama"
version = "0.4.6"
description = "Cross-platform colored terminal text."
optional = false
python-versions = "!=3.0.*,!=3.1.*,!=3.2.*,!=3.3.*,!=3.4.*,!=3.5.*,!=3.6.*,>=2.7"
groups = ["dev"]
markers = "sys_platform == \"win32\""
files = [
    {file = "colorama-0.4.6-py2.py3-none-any.whl", hash = "sha256:4f1d9991f5acc0ca119f9d443620b77f9d6b33703e51011c16baf57afb285fc6"},
    {file = "colorama-0.4.6.tar.gz", hash = "sha256:08695f5cb7ed6e0531a20572697297273c47b8cae5a63ffc6d6ed5c201be6e44"},
]

[[package]]
name = "iniconfig"
version = "2.3.0"
description = "brain-dead simple config-ini parsing"
optional = false
python-versions = ">=3.10"
groups = ["dev"]
files = [
    {file = "iniconfig-2.3.0-py3-none-any.whl", hash = "sha256:f631c04d2c48c52b84d0d0549c99ff3859c98df65b3101406327ecc7d53fbf12"},
    {file = "iniconfig-2.3.0.tar.gz", hash = "sha256:c76315c77db068650d49c5b56314774a7804df16fee4402c1f19d6d15d8c4730"},
]

[[package]]
name = "numpy"
version = "1.26.4"
description = "Fundamental package for array computing in Python"
optional = false
python-versions = ">=3.9"
groups = ["main"]
files = [
    {file = "numpy-1.26.4-cp310-cp310-macosx_10_9_x86_64.whl", hash = "sha256:9ff0f4f29c51e2803569d7a51c2304de5554655a60c5d776e35b4a41413830d0"},
    {file = "numpy-1.26.4-cp310-cp310-macosx_11_0_arm64.whl", hash = "sha256:2e4ee3380d6de9c9ec04745830fd9e2eccb3e6cf790d39d7b98ffd19b0dd754a"},
    {file = "numpy-1.26.4-cp310-cp310-manylinux_2_17_aarch64.manylinux2014_aarch64.whl", hash = "sha256:d209d8969599b27ad20994c8e41936ee0964e6da07478d6c35016bc386b66ad4"},
    {file = "numpy-1.26.4-cp310-cp310-manylinux_2_17_x86_64.manylinux2014_x86_64.whl", hash = "sha256:ffa75af20b44f8dba823498024771d5ac50620e6915abac414251bd971b4529f"},
    {file = "numpy-1.26.4-cp310-cp310-musllinux_1_1_aarch64.whl", hash = "sha256:62b8e4b1e28009ef2846b4c7852046736bab361f7aeadeb6a5b89ebec3c7055a"},
    {file = "numpy-1.26.4-cp310-cp310-musllinux_1_1_x86_64.whl", hash = "sha256:a4abb4f9001ad2858e7ac189089c42178fcce737e4169dc61321660f1a96c7d2"},
    {file = "numpy-1.26.4-cp310-cp310-win32.whl", hash = "sha256:bfe25acf8b437eb2a8b2d49d443800a5f18508cd811fea3181723922a8a82b07"},
    {file = "numpy-1.26.4-cp310-cp310-win_amd64.whl", hash = "sha256:b97fe8060236edf3662adfc2c633f56a08ae30560c56310562cb4f95500022d5"},
    {file = "numpy-1.26.4-cp311-cp311-macosx_10_9_x86_64.whl", hash = "sha256:4c66707fabe114439db9068ee468c26bbdf909cac0fb58686a42a24de1760c71"},
    {file = "numpy-1.26.4-cp311-cp311-macosx_11_0_arm64.whl", hash = "sha256:edd8b5fe47dab091176d21bb6de568acdd906d1887a4584a15a9a96a1dca06ef"},
    {file = "numpy-1.26.4-cp311-cp311-manylinux_2_17_aarch64.manylinux2014_aarch64.whl", hash = "sha256:7ab55401287bfec946ced39700c053796e7cc0e3acbef09993a9ad2adba6ca6e"},
    {file = "numpy-1.26.4-cp311-cp311-manylinux_2_17_x86_64.manylinux2014_x86_64.whl", hash = "sha256:666dbfb6ec68962c033a450943ded891bed2d54e6755e35e5835d63f4f6931d5"},
    {file = "numpy-1.26.4-cp311-cp311-musllinux_1_1_aarch64.whl", hash = "sha256:96ff0b2ad353d8f990b63294c8986f1ec3cb19d749234014f4e7eb0112ceba5a"},
    {file = "numpy-1.26.4-cp311-cp311-musllinux_1_1_x86_64.whl", hash = "sha256:60dedbb91afcbfdc9bc0b1f3f402804070deed7392c23eb7a7f07fa857868e8a"},
    {file = "numpy-1.26.4-cp311-cp311-win32.whl", hash = "sha256:1af303d6b2210eb850fcf03064d364652b7120803a0b872f5211f5234b399f20"},
    {file = "numpy-1.26.4-cp311-cp311-win_amd64.whl", hash = "sha256:cd25bcecc4974d09257ffcd1f098ee778f7834c3ad767fe5db785be9a4aa9cb2"},
    {file = "numpy-1.26.4-cp312-cp312-macosx_10_9_x86_64.whl", hash = "sha256:b3ce300f3644fb06443ee2222c2201dd3a89ea6040541412b8fa189341847218"},
    {file = "numpy-1.26.4-cp312-cp312-macosx_11_0_arm64.whl", hash = "sha256:03a8c78d01d9781b28a6989f6fa1bb2c4f2d51201cf99d3dd875df6fbd96b23b"},
    {file = "numpy-1.26.4-cp312-cp312-manylinux_2_17_aarch64.manylinux2014_aarch64.whl", hash = "sha256:9fad7dcb1aac3c7f0584a5a8133e3a43eeb2fe127f47e3632d43d677c66c102b"},
    {file = "numpy-1.26.4-cp312-cp312-manylinux_2_17_x86_64.manylinux2014_x86_64.whl", hash = "sha256:675d61ffbfa78604709862923189bad94014bef562cc35cf61d3a07bba02a7ed"},
    {file = "numpy-1.26.4-cp312-cp312-musllinux_1_1_aarch64.whl", hash = "sha256:ab47dbe5cc8210f55aa58e4805fe224dac469cde56b9f731a4c098b91917159a"},
    {file = "numpy-1.26.4-cp312-cp312-musllinux_1_1_x86_64.whl", hash = "sha256:1dda2e7b4ec9dd512f84935c5f126c8bd8b9f2fc001e9f54af255e8c5f16b0e0"},
    {file = "numpy-1.26.4-cp312-cp312-win32.whl", hash = "sha256:50193e430acfc1346175fcbdaa28ffec49947a06918b7b92130744e81e640110"},
    {file = "numpy-1.26.4-cp312-cp312-win_amd64.whl", hash = "sha256:08beddf13648eb95f8d867350f6a018a4be2e5ad54c8d8caed89ebca558b2818"},
    {file = "numpy-1.26.4-cp39-cp39-macosx_10_9_x86_64.whl", hash = "sha256:7349ab0fa0c429c82442a27a9673fc802ffdb7c7775fad780226cb234965e53c"},
    {file = "numpy-1.26.4-cp39-cp39-macosx_11_0_arm64.whl", hash = "sha256:52b8b60467cd7dd1e9ed082188b4e6bb35aa5cdd01777621a1658910745b90be"},
    {file = "numpy-1.26.4-cp39-cp39-manylinux_2_17_aarch64.manylinux2014_aarch64.whl", hash = "sha256:d5241e0a80d808d70546c697135da2c613f30e28251ff8307eb72ba696945764"},
    {file = "numpy-1.26.4-cp39-cp39-manylinux_2_17_x86_64.manylinux2014_x86_64.whl", hash = "sha256:f870204a840a60da0b12273ef34f7051e98c3b5961b61b0c2c1be6dfd64fbcd3"},
    {file = "numpy-1.26.4-cp39-cp39-musllinux_1_1_aarch64.whl", hash = "sha256:679b0076f67ecc0138fd2ede3a8fd196dddc2ad3254069bcb9faf9a79b1cebcd"},
    {file = "numpy-1.26.4-cp39-cp39-musllinux_1_1_x86_64.whl", hash = "sha256:47711010ad8555514b434df65f7d7b076bb8261df1ca9bb78f53d3b2db02e95c"},
    {file = "numpy-1.26.4-cp39-cp39-win32.whl", hash = "sha256:a354325ee03388678242a4d7ebcd08b5c727033fcff3b2f536aea978e15ee9e6"},
    {file = "numpy-1.26.4-cp39-cp39-win_amd64.whl", hash = "sha256:3373d5d70a5fe74a2c1bb6d2cfd9609ecf686d47a2d7b1d37a8f3b6bf6003aea"},
    {file = "numpy-1.26.4-pp39-pypy39_pp73-macosx_10_9_x86_64.whl", hash = "sha256:afedb719a9dcfc7eaf2287b839d8198e06dcd4cb5d276a3df279231138e83d30"},
    {file = "numpy-1.26.4-pp39-pypy39_pp73-manylinux_2_17_x86_64.manylinux2014_x86_64.whl", hash = "sha256:95a7476c59002f2f6c590b9b7b998306fba6a5aa646b1e22ddfeaf8f78c3a29c"},
    {file = "numpy-1.26.4-pp39-pypy39_pp73-win_amd64.whl", hash = "sha256:7e50d0a0cc3189f9cb0aeb3a6a6af18c16f59f004b866cd2be1c14b36134a4a0"},
    {file = "numpy-1.26.4.tar.gz", hash = "sha256:2a02aba9ed12e4ac4eb3ea9421c420301a0c6460d9830d74a9df87efa4912010"},
]

[[package]]
name = "packaging"
version = "26.0"
description = "Core utilities for Python packages"
optional = false
python-versions = ">=3.8"
groups = ["dev"]
files = [
    {file = "packaging-26.0-py3-none-any.whl", hash = "sha256:b36f1fef9334a5588b4166f8bcd26a14e521f2b55e6b9de3aaa80d3ff7a37529"},
    {file = "packaging-26.0.tar.gz", hash = "sha256:00243ae351a257117b6a241061796684b084ed1c516a08c48a3f7e147a9d80b4"},
]

[[package]]
name = "pluggy"
version = "1.6.0"
description = "plugin and hook calling mechanisms for python"
optional = false
python-versions = ">=3.9"
groups = ["dev"]
files = [
    {file = "pluggy-1.6.0-py3-none-any.whl", hash = "sha256:e920276dd6813095e9377c0bc5566d94c932c33b27a3e3945d8389c374dd4746"},
    {file = "pluggy-1.6.0.tar.gz", hash = "sha256:7dcc130b76258d33b90f61b658791dede3486c3e6bfb003ee5c9bfb396dd22f3"},
]

[package.extras]
dev = ["pre-commit", "tox"]
testing = ["coverage", "pytest", "pytest-benchmark"]

[[package]]
name = "py4j"
version = "0.10.9.7"
description = "Enables Python programs to dynamically access arbitrary Java objects"
optional = false
python-versions = "*"
groups = ["main"]
files = [
    {file = "py4j-0.10.9.7-py2.py3-none-any.whl", hash = "sha256:85defdfd2b2376eb3abf5ca6474b51ab7e0de341c75a02f46dc9b5976f5a5c1b"},
    {file = "py4j-0.10.9.7.tar.gz", hash = "sha256:0b6e5315bb3ada5cf62ac651d107bb2ebc02def3dee9d9548e3baac644ea8dbb"},
]

[[package]]
name = "pyarrow"
version = "23.0.0"
description = "Python library for Apache Arrow"
optional = false
python-versions = ">=3.10"
groups = ["dev"]
files = [
    {file = "pyarrow-23.0.0-cp310-cp310-macosx_12_0_arm64.whl", hash = "sha256:cbdc2bf5947aa4d462adcf8453cf04aee2f7932653cb67a27acd96e5e8528a67"},
    {file = "pyarrow-23.0.0-cp310-cp310-macosx_12_0_x86_64.whl", hash = "sha256:4d38c836930ce15cd31dce20114b21ba082da231c884bdc0a7b53e1477fe7f07"},
    {file = "pyarrow-23.0.0-cp310-cp310-manylinux_2_28_aarch64.whl", hash = "sha256:4222ff8f76919ecf6c716175a0e5fddb5599faeed4c56d9ea41a2c42be4998b2"},
    {file = "pyarrow-23.0.0-cp310-cp310-manylinux_2_28_x86_64.whl", hash = "sha256:87f06159cbe38125852657716889296c83c37b4d09a5e58f3d10245fd1f69795"},
    {file = "pyarrow-23.0.0-cp310-cp310-musllinux_1_2_aarch64.whl", hash = "sha256:1675c374570d8b91ea6d4edd4608fa55951acd44e0c31bd146e091b4005de24f"},
    {file = "pyarrow-23.0.0-cp310-cp310-musllinux_1_2_x86_64.whl", hash = "sha256:247374428fde4f668f138b04031a7e7077ba5fa0b5b1722fdf89a017bf0b7ee0"},
    {file = "pyarrow-23.0.0-cp310-cp310-win_amd64.whl", hash = "sha256:de53b1bd3b88a2ee93c9af412c903e57e738c083be4f6392288294513cd8b2c1"},
    {file = "pyarrow-23.0.0-cp311-cp311-macosx_12_0_arm64.whl", hash = "sha256:5574d541923efcbfdf1294a2746ae3b8c2498a2dc6cd477882f6f4e7b1ac08d3"},
    {file = "pyarrow-23.0.0-cp311-cp311-macosx_12_0_x86_64.whl", hash = "sha256:2ef0075c2488932e9d3c2eb3482f9459c4be629aa673b725d5e3cf18f777f8e4"},
    {file = "pyarrow-23.0.0-cp311-cp311-manylinux_2_28_aarch64.whl", hash = "sha256:65666fc269669af1ef1c14478c52222a2aa5c907f28b68fb50a203c777e4f60c"},
    {file = "pyarrow-23.0.0-cp311-cp311-manylinux_2_28_x86_64.whl", hash = "sha256:4d85cb6177198f3812db4788e394b757223f60d9a9f5ad6634b3e32be1525803"},
    {file = "pyarrow-23.0.0-cp311-cp311-musllinux_1_2_aarch64.whl", hash = "sha256:1a9ff6fa4141c24a03a1a434c63c8fa97ce70f8f36bccabc18ebba905ddf0f17"},
    {file = "pyarrow-23.0.0-cp311-cp311-musllinux_1_2_x86_64.whl", hash = "sha256:84839d060a54ae734eb60a756aeacb62885244aaa282f3c968f5972ecc7b1ecc"},
    {file = "pyarrow-23.0.0-cp311-cp311-win_amd64.whl", hash = "sha256:a149a647dbfe928ce8830a713612aa0b16e22c64feac9d1761529778e4d4eaa5"},
    {file = "pyarrow-23.0.0-cp312-cp312-macosx_12_0_arm64.whl", hash = "sha256:5961a9f646c232697c24f54d3419e69b4261ba8a8b66b0ac54a1851faffcbab8"},
    {file = "pyarrow-23.0.0-cp312-cp312-macosx_12_0_x86_64.whl", hash = "sha256:632b3e7c3d232f41d64e1a4a043fb82d44f8a349f339a1188c6a0dd9d2d47d8a"},
    {file = "pyarrow-23.0.0-cp312-cp312-manylinux_2_28_aarch64.whl", hash = "sha256:76242c846db1411f1d6c2cc3823be6b86b40567ee24493344f8226ba34a81333"},
    {file = "pyarrow-23.0.0-cp312-cp312-manylinux_2_28_x86_64.whl", hash = "sha256:b73519f8b52ae28127000986bf228fda781e81d3095cd2d3ece76eb5cf760e1b"},
    {file = "pyarrow-23.0.0-cp312-cp312-musllinux_1_2_aarch64.whl", hash = "sha256:068701f6823449b1b6469120f399a1239766b117d211c5d2519d4ed5861f75de"},
    {file = "pyarrow-23.0.0-cp312-cp312-musllinux_1_2_x86_64.whl", hash = "sha256:1801ba947015d10e23bca9dd6ef5d0e9064a81569a89b6e9a63b59224fd060df"},
    {file = "pyarrow-23.0.0-cp312-cp312-win_amd64.whl", hash = "sha256:52265266201ec25b6839bf6bd4ea918ca6d50f31d13e1cf200b4261cd11dc25c"},
    {file = "pyarrow-23.0.0-cp313-cp313-macosx_12_0_arm64.whl", hash = "sha256:ad96a597547af7827342ffb3c503c8316e5043bb09b47a84885ce39394c96e00"},
    {file = "pyarrow-23.0.0-cp313-cp313-macosx_12_0_x86_64.whl", hash = "sha256:b9edf990df77c2901e79608f08c13fbde60202334a4fcadb15c1f57bf7afee43"},
    {file = "pyarrow-23.0.0-cp313-cp313-manylinux_2_28_aarch64.whl", hash = "sha256:36d1b5bc6ddcaff0083ceec7e2561ed61a51f49cce8be079ee8ed406acb6fdef"},
    {file = "pyarrow-23.0.0-cp313-cp313-manylinux_2_28_x86_64.whl", hash = "sha256:4292b889cd224f403304ddda8b63a36e60f92911f89927ec8d98021845ea21be"},
    {file = "pyarrow-23.0.0-cp313-cp313-musllinux_1_2_aarch64.whl", hash = "sha256:dfd9e133e60eaa847fd80530a1b89a052f09f695d0b9c34c235ea6b2e0924cf7"},
    {file = "pyarrow-23.0.0-cp313-cp313-musllinux_1_2_x86_64.whl", hash = "sha256:832141cc09fac6aab1cd3719951d23301396968de87080c57c9a7634e0ecd068"},
    {file = "pyarrow-23.0.0-cp313-cp313-win_amd64.whl", hash = "sha256:7a7d067c9a88faca655c71bcc30ee2782038d59c802d57950826a07f60d83c4c"},
    {file = "pyarrow-23.0.0-cp313-cp313t-macosx_12_0_arm64.whl", hash = "sha256:ce9486e0535a843cf85d990e2ec5820a47918235183a5c7b8b97ed7e92c2d47d"},
    {file = "pyarrow-23.0.0-cp313-cp313t-macosx_12_0_x86_64.whl", hash = "sha256:075c29aeaa685fd1182992a9ed2499c66f084ee54eea47da3eb76e125e06064c"},
    {file = "pyarrow-23.0.0-cp313-cp313t-manylinux_2_28_aarch64.whl", hash = "sha256:799965a5379589510d888be3094c2296efd186a17ca1cef5b77703d4d5121f53"},
    {file = "pyarrow-23.0.0-cp313-cp313t-manylinux_2_28_x86_64.whl", hash = "sha256:ef7cac8fe6fccd8b9e7617bfac785b0371a7fe26af59463074e4882747145d40"},
    {file = "pyarrow-23.0.0-cp313-cp313t-musllinux_1_2_aarch64.whl", hash = "sha256:15a414f710dc927132dd67c361f78c194447479555af57317066ee5116b90e9e"},
    {file = "pyarrow-23.0.0-cp313-cp313t-musllinux_1_2_x86_64.whl", hash = "sha256:3e0d2e6915eca7d786be6a77bf227fbc06d825a75b5b5fe9bcbef121dec32685"},
    {file = "pyarrow-23.0.0-cp313-cp313t-win_amd64.whl", hash = "sha256:4b317ea6e800b5704e5e5929acb6e2dc13e9276b708ea97a39eb8b345aa2658b"},
    {file = "pyarrow-23.0.0-cp314-cp314-macosx_12_0_arm64.whl", hash = "sha256:20b187ed9550d233a872074159f765f52f9d92973191cd4b93f293a19efbe377"},
    {file = "pyarrow-23.0.0-cp314-cp314-macosx_12_0_x86_64.whl", hash = "sha256:18ec84e839b493c3886b9b5e06861962ab4adfaeb79b81c76afbd8d84c7d5fda"},
    {file = "pyarrow-23.0.0-cp314-cp314-manylinux_2_28_aarch64.whl", hash = "sha256:e438dd3f33894e34fd02b26bd12a32d30d006f5852315f611aa4add6c7fab4bc"},
    {file = "pyarrow-23.0.0-cp314-cp314-manylinux_2_28_x86_64.whl", hash = "sha256:a244279f240c81f135631be91146d7fa0e9e840e1dfed2aba8483eba25cd98e6"},
    {file = "pyarrow-23.0.0-cp314-cp314-musllinux_1_2_aarch64.whl", hash = "sha256:c4692e83e42438dba512a570c6eaa42be2f8b6c0f492aea27dec54bdc495103a"},
    {file = "pyarrow-23.0.0-cp314-cp314-musllinux_1_2_x86_64.whl", hash = "sha256:ae7f30f898dfe44ea69654a35c93e8da4cef6606dc4c72394068fd95f8e9f54a"},
    {file = "pyarrow-23.0.0-cp314-cp314-win_amd64.whl", hash = "sha256:5b86bb649e4112fb0614294b7d0a175c7513738876b89655605ebb87c804f861"},
    {file = "pyarrow-23.0.0-cp314-cp314t-macosx_12_0_arm64.whl", hash = "sha256:ebc017d765d71d80a3f8584ca0566b53e40464586585ac64176115baa0ada7d3"},
    {file = "pyarrow-23.0.0-cp314-cp314t-macosx_12_0_x86_64.whl", hash = "sha256:0800cc58a6d17d159df823f87ad66cefebf105b982493d4bad03ee7fab84b993"},
    {file = "pyarrow-23.0.0-cp314-cp314t-manylinux_2_28_aarch64.whl", hash = "sha256:3a7c68c722da9bb5b0f8c10e3eae71d9825a4b429b40b32709df5d1fa55beb3d"},
    {file = "pyarrow-23.0.0-cp314-cp314t-manylinux_2_28_x86_64.whl", hash = "sha256:bd5556c24622df90551063ea41f559b714aa63ca953db884cfb958559087a14e"},
    {file = "pyarrow-23.0.0-cp314-cp314t-musllinux_1_2_aarch64.whl", hash = "sha256:54810f6e6afc4ffee7c2e0051b61722fbea9a4961b46192dcfae8ea12fa09059"},
    {file = "pyarrow-23.0.0-cp314-cp314t-musllinux_1_2_x86_64.whl", hash = "sha256:14de7d48052cf4b0ed174533eafa3cfe0711b8076ad70bede32cf59f744f0d7c"},
    {file = "pyarrow-23.0.0-cp314-cp314t-win_amd64.whl", hash = "sha256:427deac1f535830a744a4f04a6ac183a64fcac4341b3f618e693c41b7b98d2b0"},
    {file = "pyarrow-23.0.0.tar.gz", hash = "sha256:180e3150e7edfcd182d3d9afba72f7cf19839a497cc76555a8dce998a8f67615"},
]

[[package]]
name = "pygments"
version = "2.19.2"
description = "Pygments is a syntax highlighting package written in Python."
optional = false
python-versions = ">=3.8"
groups = ["dev"]
files = [
    {file = "pygments-2.19.2-py3-none-any.whl", hash = "sha256:86540386c03d588bb81d44bc3928634ff26449851e99741617ecb9037ee5ec0b"},
    {file = "pygments-2.19.2.tar.gz", hash = "sha256:636cb2477cec7f8952536970bc533bc43743542f70392ae026374600add5b887"},
]

[package.extras]
windows-terminal = ["colorama (>=0.4.6)"]

[[package]]
name = "pyspark"
version = "3.5.4"
description = "Apache Spark Python API"
optional = false
python-versions = ">=3.8"
groups = ["main"]
files = [
    {file = "pyspark-3.5.4.tar.gz", hash = "sha256:1c2926d63020902163f58222466adf6f8016f6c43c1f319b8e7a71dbaa05fc51"},
]

[package.dependencies]
py4j = "0.10.9.7"

[package.extras]
connect = ["googleapis-common-protos (>=1.56.4)", "grpcio (>=1.56.0)", "grpcio-status (>=1.56.0)", "numpy (>=1.15,<2)", "pandas (>=1.0.5)", "pyarrow (>=4.0.0)"]
ml = ["numpy (>=1.15,<2)"]
mllib = ["numpy (>=1.15,<2)"]
pandas-on-spark = ["numpy (>=1.15,<2)", "pandas (>=1.0.5)", "pyarrow (>=4.0.0)"]
sql = ["numpy (>=1.15,<2)", "pandas (>=1.0.5)", "pyarrow (>=4.0.0)"]

[[package]]
name = "pytest"
version = "9.0.2"
description = "pytest: simple powerful testing with Python"
optional = false
python-versions = ">=3.10"
groups = ["dev"]
files = [
    {file = "pytest-9.0.2-py3-none-any.whl", hash = "sha256:711ffd45bf766d5264d487b917733b453d917afd2b0ad65223959f59089f875b"},
    {file = "pytest-9.0.2.tar.gz", hash = "sha256:75186651a92bd89611d1d9fc20f0b4345fd827c41ccd5c299a868a05d70edf11"},
]

[package.dependencies]
colorama = {version = ">=0.4", markers = "sys_platform == \"win32\""}
iniconfig = ">=1.0.1"
packaging = ">=22"
pluggy = ">=1.5,<2"
pygments = ">=2.7.2"

[package.extras]
dev = ["argcomplete", "attrs (>=19.2)", "hypothesis (>=3.56)", "mock", "requests", "setuptools", "xmlschema"]

[metadata]
lock-version = "2.1"
python-versions = ">=3.11"
content-hash = "f66694adebb03ec1676effa4716f954e363061f7c6bb868e9eb88e426f5ef0b4"
